{
  "version": 4,
  "terraform_version": "1.8.0",
  "serial": 1,
  "lineage": "18ce5870-6a45-ffc1-e3ac-2c5b0eff2864",
  "outputs": {
    "url": {
      "value": null,
      "type": "string"
    }
  },
  "resources": [
    {
      "mode": "managed",
      "type": "google_artifact_registry_repository",
      "name": "docker_repo",
      "provider": "provider[\"registry.terraform.io/hashicorp/google\"]",
      "instances": [
        {
          "schema_version": 0,
          "attributes": {
            "cleanup_policies": [],
            "cleanup_policy_dry_run": true,
            "create_time": "2025-08-05T13:14:43.981431Z",
            "description": "",
            "docker_config": [
              {
                "immutable_tags": false
              }
            ],
            "effective_labels": {},
            "format": "DOCKER",
            "id": "projects/playwright-pytest-gcp-2508/locations/asia-east1/repositories/playwright-repo",
            "kms_key_name": "",
            "labels": {},
            "location": "asia-east1",
            "maven_config": [],
            "mode": "STANDARD_REPOSITORY",
            "name": "playwright-repo",
            "project": "playwright-pytest-gcp-2508",
            "remote_repository_config": [],
            "repository_id": "playwright-repo",
            "terraform_labels": {},
            "timeouts": null,
            "update_time": "2025-08-05T17:44:23.049888Z",
            "virtual_repository_config": [],
            "vulnerability_scanning_config": [
              {
                "enablement_config": "INHERITED",
                "enablement_state": "SCANNING_DISABLED",
                "enablement_state_reason": "API containerscanning.googleapis.com is not enabled."
              }
            ]
          },
          "sensitive_attributes": [],
          "private": "eyJlMmJmYjczMC1lY2FhLTExZTYtOGY4OC0zNDM2M2JjN2M0YzAiOnsiY3JlYXRlIjoxMjAwMDAwMDAwMDAwLCJkZWxldGUiOjEyMDAwMDAwMDAwMDAsInVwZGF0ZSI6MTIwMDAwMDAwMDAwMH0sInNjaGVtYV92ZXJzaW9uIjoiMCJ9"
        }
      ]
    }
  ],
  "check_results": null
}
